{
  "name": "@ndiing/util",
  "version": "1.0.1",
  "lockfileVersion": 2,
  "requires": true,
  "packages": {
    "": {
      "name": "@ndiing/util",
      "version": "1.0.1",
      "license": "MIT",
      "dependencies": {
        "@ndiing/crypto": "^1.0.0"
      }
    },
    "node_modules/@ndiing/crypto": {
      "version": "1.0.0",
      "resolved": "https://npm.pkg.github.com/download/@ndiing/crypto/1.0.0/1e3940ecdb9d69c01df0d0799418bf0fa6112afc61f73db8f6c09a6239e3f926",
      "integrity": "sha512-H3sI1CRQeqCLTGUtL42Sr6BdWNFFHVvbgF7QaKa9nqpXxe5KR5sSXgL5mrY74UjVt6R+6S93SK2ztFkFaaCRMg==",
      "license": "MIT"
    }
  },
  "dependencies": {
    "@ndiing/crypto": {
      "version": "1.0.0",
      "resolved": "https://npm.pkg.github.com/download/@ndiing/crypto/1.0.0/1e3940ecdb9d69c01df0d0799418bf0fa6112afc61f73db8f6c09a6239e3f926",
      "integrity": "sha512-H3sI1CRQeqCLTGUtL42Sr6BdWNFFHVvbgF7QaKa9nqpXxe5KR5sSXgL5mrY74UjVt6R+6S93SK2ztFkFaaCRMg=="
    }
  }
}
